
Microsoft Visual Studio Solution File, Format Version 12.00
# Visual Studio Version 17
VisualStudioVersion = 17.14.36327.8
MinimumVisualStudioVersion = 10.0.40219.1
Project("{FAE04EC0-301F-11D3-BF4B-00C04F79EFBC}") = "Bulkyweb", "Bulkyweb\Bulkyweb.csproj", "{C0F6D96B-F115-4F47-9469-9A2319E93049}"
EndProject
Project("{FAE04EC0-301F-11D3-BF4B-00C04F79EFBC}") = "BulkyWebRazor_temp", "BulkyWebRaxor_temp\BulkyWebRazor_temp.csproj", "{87F7BF55-7783-46D6-A0D5-66A920FF2857}"
EndProject
Global
	GlobalSection(SolutionConfigurationPlatforms) = preSolution
		Debug|Any CPU = Debug|Any CPU
		Release|Any CPU = Release|Any CPU
	EndGlobalSection
	GlobalSection(ProjectConfigurationPlatforms) = postSolution
		{C0F6D96B-F115-4F47-9469-9A2319E93049}.Debug|Any CPU.ActiveCfg = Debug|Any CPU
		{C0F6D96B-F115-4F47-9469-9A2319E93049}.Debug|Any CPU.Build.0 = Debug|Any CPU
		{C0F6D96B-F115-4F47-9469-9A2319E93049}.Release|Any CPU.ActiveCfg = Release|Any CPU
		{C0F6D96B-F115-4F47-9469-9A2319E93049}.Release|Any CPU.Build.0 = Release|Any CPU
		{87F7BF55-7783-46D6-A0D5-66A920FF2857}.Debug|Any CPU.ActiveCfg = Debug|Any CPU
		{87F7BF55-7783-46D6-A0D5-66A920FF2857}.Debug|Any CPU.Build.0 = Debug|Any CPU
		{87F7BF55-7783-46D6-A0D5-66A920FF2857}.Release|Any CPU.ActiveCfg = Release|Any CPU
		{87F7BF55-7783-46D6-A0D5-66A920FF2857}.Release|Any CPU.Build.0 = Release|Any CPU
	EndGlobalSection
	GlobalSection(SolutionProperties) = preSolution
		HideSolutionNode = FALSE
	EndGlobalSection
	GlobalSection(ExtensibilityGlobals) = postSolution
		SolutionGuid = {35D62429-0D76-48A4-9D35-1F5F6115ADC0}
	EndGlobalSection
EndGlobal
